
Microsoft Visual Studio Solution File, Format Version 12.00
# Visual Studio Version 17
VisualStudioVersion = 17.4.33205.214
MinimumVisualStudioVersion = 10.0.40219.1
Project("{9A19103F-16F7-4668-BE54-9A1E7A4F7556}") = "TraversalApp.MVC", "TraversalApp.MVC\TraversalApp.MVC.csproj", "{6046CB55-14DB-4640-83BC-F70DE621A3A5}"
EndProject
Project("{9A19103F-16F7-4668-BE54-9A1E7A4F7556}") = "TraversalApp.Core", "TraversalApp.Core\TraversalApp.Core.csproj", "{369EC405-0C21-408F-8164-4E332F681A5A}"
EndProject
Project("{9A19103F-16F7-4668-BE54-9A1E7A4F7556}") = "TraversalApp.Repository", "TraversalApp.Repository\TraversalApp.Repository.csproj", "{BB38F05E-1E35-421C-9B2F-F2DF89EAA702}"
EndProject
Project("{9A19103F-16F7-4668-BE54-9A1E7A4F7556}") = "TraversalApp.Service", "TraversalApp.Service\TraversalApp.Service.csproj", "{0626CC2F-2149-4747-A9F4-8405219BE12A}"
EndProject
Project("{FAE04EC0-301F-11D3-BF4B-00C04F79EFBC}") = "TraversalApp.SignalR", "TraversalApp.SignalR\TraversalApp.SignalR.csproj", "{ACFC45E9-915D-487E-B525-1211E127DAB3}"
EndProject
Global
	GlobalSection(SolutionConfigurationPlatforms) = preSolution
		Debug|Any CPU = Debug|Any CPU
		Release|Any CPU = Release|Any CPU
	EndGlobalSection
	GlobalSection(ProjectConfigurationPlatforms) = postSolution
		{6046CB55-14DB-4640-83BC-F70DE621A3A5}.Debug|Any CPU.ActiveCfg = Debug|Any CPU
		{6046CB55-14DB-4640-83BC-F70DE621A3A5}.Debug|Any CPU.Build.0 = Debug|Any CPU
		{6046CB55-14DB-4640-83BC-F70DE621A3A5}.Release|Any CPU.ActiveCfg = Release|Any CPU
		{6046CB55-14DB-4640-83BC-F70DE621A3A5}.Release|Any CPU.Build.0 = Release|Any CPU
		{369EC405-0C21-408F-8164-4E332F681A5A}.Debug|Any CPU.ActiveCfg = Debug|Any CPU
		{369EC405-0C21-408F-8164-4E332F681A5A}.Debug|Any CPU.Build.0 = Debug|Any CPU
		{369EC405-0C21-408F-8164-4E332F681A5A}.Release|Any CPU.ActiveCfg = Release|Any CPU
		{369EC405-0C21-408F-8164-4E332F681A5A}.Release|Any CPU.Build.0 = Release|Any CPU
		{BB38F05E-1E35-421C-9B2F-F2DF89EAA702}.Debug|Any CPU.ActiveCfg = Debug|Any CPU
		{BB38F05E-1E35-421C-9B2F-F2DF89EAA702}.Debug|Any CPU.Build.0 = Debug|Any CPU
		{BB38F05E-1E35-421C-9B2F-F2DF89EAA702}.Release|Any CPU.ActiveCfg = Release|Any CPU
		{BB38F05E-1E35-421C-9B2F-F2DF89EAA702}.Release|Any CPU.Build.0 = Release|Any CPU
		{0626CC2F-2149-4747-A9F4-8405219BE12A}.Debug|Any CPU.ActiveCfg = Debug|Any CPU
		{0626CC2F-2149-4747-A9F4-8405219BE12A}.Debug|Any CPU.Build.0 = Debug|Any CPU
		{0626CC2F-2149-4747-A9F4-8405219BE12A}.Release|Any CPU.ActiveCfg = Release|Any CPU
		{0626CC2F-2149-4747-A9F4-8405219BE12A}.Release|Any CPU.Build.0 = Release|Any CPU
		{ACFC45E9-915D-487E-B525-1211E127DAB3}.Debug|Any CPU.ActiveCfg = Debug|Any CPU
		{ACFC45E9-915D-487E-B525-1211E127DAB3}.Debug|Any CPU.Build.0 = Debug|Any CPU
		{ACFC45E9-915D-487E-B525-1211E127DAB3}.Release|Any CPU.ActiveCfg = Release|Any CPU
		{ACFC45E9-915D-487E-B525-1211E127DAB3}.Release|Any CPU.Build.0 = Release|Any CPU
	EndGlobalSection
	GlobalSection(SolutionProperties) = preSolution
		HideSolutionNode = FALSE
	EndGlobalSection
	GlobalSection(ExtensibilityGlobals) = postSolution
		SolutionGuid = {ADF9DD6B-CB69-4382-BA6A-D77A6070B06E}
	EndGlobalSection
EndGlobal
